
Microsoft Visual Studio Solution File, Format Version 12.00
# Visual Studio Version 17
VisualStudioVersion = 17.6.33829.357
MinimumVisualStudioVersion = 10.0.40219.1
Project("{8BC9CEB8-8B4A-11D0-8D11-00A0C91BC942}") = "Solutions_Lesson_24", "Solutions_Lesson_24.vcxproj", "{5E2CA50E-2A41-4089-B5D7-F0E620E72942}"
EndProject
Global
	GlobalSection(SolutionConfigurationPlatforms) = preSolution
		Debug|x64 = Debug|x64
		Debug|x86 = Debug|x86
		Release|x64 = Release|x64
		Release|x86 = Release|x86
	EndGlobalSection
	GlobalSection(ProjectConfigurationPlatforms) = postSolution
		{5E2CA50E-2A41-4089-B5D7-F0E620E72942}.Debug|x64.ActiveCfg = Debug|x64
		{5E2CA50E-2A41-4089-B5D7-F0E620E72942}.Debug|x64.Build.0 = Debug|x64
		{5E2CA50E-2A41-4089-B5D7-F0E620E72942}.Debug|x86.ActiveCfg = Debug|Win32
		{5E2CA50E-2A41-4089-B5D7-F0E620E72942}.Debug|x86.Build.0 = Debug|Win32
		{5E2CA50E-2A41-4089-B5D7-F0E620E72942}.Release|x64.ActiveCfg = Release|x64
		{5E2CA50E-2A41-4089-B5D7-F0E620E72942}.Release|x64.Build.0 = Release|x64
		{5E2CA50E-2A41-4089-B5D7-F0E620E72942}.Release|x86.ActiveCfg = Release|Win32
		{5E2CA50E-2A41-4089-B5D7-F0E620E72942}.Release|x86.Build.0 = Release|Win32
	EndGlobalSection
	GlobalSection(SolutionProperties) = preSolution
		HideSolutionNode = FALSE
	EndGlobalSection
	GlobalSection(ExtensibilityGlobals) = postSolution
		SolutionGuid = {5E4191C9-BAD4-40E3-88E6-4BB5A8744FE9}
	EndGlobalSection
EndGlobal
