
Microsoft Visual Studio Solution File, Format Version 12.00
# Visual Studio Version 17
VisualStudioVersion = 17.6.33829.357
MinimumVisualStudioVersion = 10.0.40219.1
Project("{8BC9CEB8-8B4A-11D0-8D11-00A0C91BC942}") = "Solutions_Lesson_20", "Solutions_Lesson_20.vcxproj", "{92167FAC-5521-411B-AC1B-A4F8C1412CAB}"
EndProject
Global
	GlobalSection(SolutionConfigurationPlatforms) = preSolution
		Debug|x64 = Debug|x64
		Debug|x86 = Debug|x86
		Release|x64 = Release|x64
		Release|x86 = Release|x86
	EndGlobalSection
	GlobalSection(ProjectConfigurationPlatforms) = postSolution
		{92167FAC-5521-411B-AC1B-A4F8C1412CAB}.Debug|x64.ActiveCfg = Debug|x64
		{92167FAC-5521-411B-AC1B-A4F8C1412CAB}.Debug|x64.Build.0 = Debug|x64
		{92167FAC-5521-411B-AC1B-A4F8C1412CAB}.Debug|x86.ActiveCfg = Debug|Win32
		{92167FAC-5521-411B-AC1B-A4F8C1412CAB}.Debug|x86.Build.0 = Debug|Win32
		{92167FAC-5521-411B-AC1B-A4F8C1412CAB}.Release|x64.ActiveCfg = Release|x64
		{92167FAC-5521-411B-AC1B-A4F8C1412CAB}.Release|x64.Build.0 = Release|x64
		{92167FAC-5521-411B-AC1B-A4F8C1412CAB}.Release|x86.ActiveCfg = Release|Win32
		{92167FAC-5521-411B-AC1B-A4F8C1412CAB}.Release|x86.Build.0 = Release|Win32
	EndGlobalSection
	GlobalSection(SolutionProperties) = preSolution
		HideSolutionNode = FALSE
	EndGlobalSection
	GlobalSection(ExtensibilityGlobals) = postSolution
		SolutionGuid = {C19E9C35-59DD-49CD-A6A8-7793625D23E1}
	EndGlobalSection
EndGlobal
