
Microsoft Visual Studio Solution File, Format Version 12.00
# Visual Studio Version 17
VisualStudioVersion = 17.6.33829.357
MinimumVisualStudioVersion = 10.0.40219.1
Project("{8BC9CEB8-8B4A-11D0-8D11-00A0C91BC942}") = "Solutions_Lesson_37", "Solutions_Lesson_37.vcxproj", "{74558FD8-401B-43B3-8534-FB0DEE73B5E9}"
EndProject
Global
	GlobalSection(SolutionConfigurationPlatforms) = preSolution
		Debug|x64 = Debug|x64
		Debug|x86 = Debug|x86
		Release|x64 = Release|x64
		Release|x86 = Release|x86
	EndGlobalSection
	GlobalSection(ProjectConfigurationPlatforms) = postSolution
		{74558FD8-401B-43B3-8534-FB0DEE73B5E9}.Debug|x64.ActiveCfg = Debug|x64
		{74558FD8-401B-43B3-8534-FB0DEE73B5E9}.Debug|x64.Build.0 = Debug|x64
		{74558FD8-401B-43B3-8534-FB0DEE73B5E9}.Debug|x86.ActiveCfg = Debug|Win32
		{74558FD8-401B-43B3-8534-FB0DEE73B5E9}.Debug|x86.Build.0 = Debug|Win32
		{74558FD8-401B-43B3-8534-FB0DEE73B5E9}.Release|x64.ActiveCfg = Release|x64
		{74558FD8-401B-43B3-8534-FB0DEE73B5E9}.Release|x64.Build.0 = Release|x64
		{74558FD8-401B-43B3-8534-FB0DEE73B5E9}.Release|x86.ActiveCfg = Release|Win32
		{74558FD8-401B-43B3-8534-FB0DEE73B5E9}.Release|x86.Build.0 = Release|Win32
	EndGlobalSection
	GlobalSection(SolutionProperties) = preSolution
		HideSolutionNode = FALSE
	EndGlobalSection
	GlobalSection(ExtensibilityGlobals) = postSolution
		SolutionGuid = {0CD97E18-3EE3-4360-B169-CD536D16BC64}
	EndGlobalSection
EndGlobal
